
Microsoft Visual Studio Solution File, Format Version 12.00
# Visual Studio Version 16
VisualStudioVersion = 16.0.31410.357
MinimumVisualStudioVersion = 10.0.40219.1
Project("{888888A0-9F3D-457C-B088-3A5042F75D52}") = "PythonLoops", "PythonLoops.pyproj", "{98FD3C4B-153D-47DC-9C7E-948016758D55}"
EndProject
Global
	GlobalSection(SolutionConfigurationPlatforms) = preSolution
		Debug|Any CPU = Debug|Any CPU
		Release|Any CPU = Release|Any CPU
	EndGlobalSection
	GlobalSection(ProjectConfigurationPlatforms) = postSolution
		{98FD3C4B-153D-47DC-9C7E-948016758D55}.Debug|Any CPU.ActiveCfg = Debug|Any CPU
		{98FD3C4B-153D-47DC-9C7E-948016758D55}.Release|Any CPU.ActiveCfg = Release|Any CPU
	EndGlobalSection
	GlobalSection(SolutionProperties) = preSolution
		HideSolutionNode = FALSE
	EndGlobalSection
	GlobalSection(ExtensibilityGlobals) = postSolution
		SolutionGuid = {065BAD7B-63A0-42EA-9596-B3435A86038F}
	EndGlobalSection
EndGlobal
